
Microsoft Visual Studio Solution File, Format Version 12.00
# Visual Studio 2013
VisualStudioVersion = 12.0.21005.1
MinimumVisualStudioVersion = 10.0.40219.1
Project("{FAE04EC0-301F-11D3-BF4B-00C04F79EFBC}") = "OOP Fundamental Principles I", "OOP Fundamental Principles I\OOP Fundamental Principles I.csproj", "{576FC397-CB6D-440E-AF98-476948D68DC0}"
EndProject
Project("{FAE04EC0-301F-11D3-BF4B-00C04F79EFBC}") = "Program.Users", "Program.Users\Program.Users.csproj", "{EBC70557-E627-40D6-9C5C-873170672EF9}"
EndProject
Global
	GlobalSection(SolutionConfigurationPlatforms) = preSolution
		Debug|Any CPU = Debug|Any CPU
		Release|Any CPU = Release|Any CPU
	EndGlobalSection
	GlobalSection(ProjectConfigurationPlatforms) = postSolution
		{576FC397-CB6D-440E-AF98-476948D68DC0}.Debug|Any CPU.ActiveCfg = Debug|Any CPU
		{576FC397-CB6D-440E-AF98-476948D68DC0}.Debug|Any CPU.Build.0 = Debug|Any CPU
		{576FC397-CB6D-440E-AF98-476948D68DC0}.Release|Any CPU.ActiveCfg = Release|Any CPU
		{576FC397-CB6D-440E-AF98-476948D68DC0}.Release|Any CPU.Build.0 = Release|Any CPU
		{EBC70557-E627-40D6-9C5C-873170672EF9}.Debug|Any CPU.ActiveCfg = Debug|Any CPU
		{EBC70557-E627-40D6-9C5C-873170672EF9}.Debug|Any CPU.Build.0 = Debug|Any CPU
		{EBC70557-E627-40D6-9C5C-873170672EF9}.Release|Any CPU.ActiveCfg = Release|Any CPU
		{EBC70557-E627-40D6-9C5C-873170672EF9}.Release|Any CPU.Build.0 = Release|Any CPU
	EndGlobalSection
	GlobalSection(SolutionProperties) = preSolution
		HideSolutionNode = FALSE
	EndGlobalSection
EndGlobal
